
Microsoft Visual Studio Solution File, Format Version 12.00
# Visual Studio Version 16
VisualStudioVersion = 16.0.29409.12
MinimumVisualStudioVersion = 15.0.26124.0
Project("{9A19103F-16F7-4668-BE54-9A1E7A4F7556}") = "2019", "2019\2019.csproj", "{6FB4ECB8-8C58-42C5-BF34-ED4BBAB30AB3}"
EndProject
Project("{9A19103F-16F7-4668-BE54-9A1E7A4F7556}") = "Shared", "Shared\Shared.csproj", "{B0FB1917-5398-4BDE-9DA5-15B5D81D5123}"
EndProject
Project("{9A19103F-16F7-4668-BE54-9A1E7A4F7556}") = "2018", "2018\2018.csproj", "{20C40236-0F56-4A79-9F75-DAEA26D3BF90}"
EndProject
Project("{9A19103F-16F7-4668-BE54-9A1E7A4F7556}") = "2020", "2020\2020.csproj", "{8797CE4F-DCB7-43B5-8A15-F313DEB14B15}"
EndProject
Global
	GlobalSection(SolutionConfigurationPlatforms) = preSolution
		Debug|Any CPU = Debug|Any CPU
		Debug|x64 = Debug|x64
		Debug|x86 = Debug|x86
		Release|Any CPU = Release|Any CPU
		Release|x64 = Release|x64
		Release|x86 = Release|x86
	EndGlobalSection
	GlobalSection(ProjectConfigurationPlatforms) = postSolution
		{6FB4ECB8-8C58-42C5-BF34-ED4BBAB30AB3}.Debug|Any CPU.ActiveCfg = Debug|Any CPU
		{6FB4ECB8-8C58-42C5-BF34-ED4BBAB30AB3}.Debug|Any CPU.Build.0 = Debug|Any CPU
		{6FB4ECB8-8C58-42C5-BF34-ED4BBAB30AB3}.Debug|x64.ActiveCfg = Debug|Any CPU
		{6FB4ECB8-8C58-42C5-BF34-ED4BBAB30AB3}.Debug|x64.Build.0 = Debug|Any CPU
		{6FB4ECB8-8C58-42C5-BF34-ED4BBAB30AB3}.Debug|x86.ActiveCfg = Debug|Any CPU
		{6FB4ECB8-8C58-42C5-BF34-ED4BBAB30AB3}.Debug|x86.Build.0 = Debug|Any CPU
		{6FB4ECB8-8C58-42C5-BF34-ED4BBAB30AB3}.Release|Any CPU.ActiveCfg = Release|Any CPU
		{6FB4ECB8-8C58-42C5-BF34-ED4BBAB30AB3}.Release|Any CPU.Build.0 = Release|Any CPU
		{6FB4ECB8-8C58-42C5-BF34-ED4BBAB30AB3}.Release|x64.ActiveCfg = Release|Any CPU
		{6FB4ECB8-8C58-42C5-BF34-ED4BBAB30AB3}.Release|x64.Build.0 = Release|Any CPU
		{6FB4ECB8-8C58-42C5-BF34-ED4BBAB30AB3}.Release|x86.ActiveCfg = Release|Any CPU
		{6FB4ECB8-8C58-42C5-BF34-ED4BBAB30AB3}.Release|x86.Build.0 = Release|Any CPU
		{B0FB1917-5398-4BDE-9DA5-15B5D81D5123}.Debug|Any CPU.ActiveCfg = Debug|Any CPU
		{B0FB1917-5398-4BDE-9DA5-15B5D81D5123}.Debug|Any CPU.Build.0 = Debug|Any CPU
		{B0FB1917-5398-4BDE-9DA5-15B5D81D5123}.Debug|x64.ActiveCfg = Debug|Any CPU
		{B0FB1917-5398-4BDE-9DA5-15B5D81D5123}.Debug|x64.Build.0 = Debug|Any CPU
		{B0FB1917-5398-4BDE-9DA5-15B5D81D5123}.Debug|x86.ActiveCfg = Debug|Any CPU
		{B0FB1917-5398-4BDE-9DA5-15B5D81D5123}.Debug|x86.Build.0 = Debug|Any CPU
		{B0FB1917-5398-4BDE-9DA5-15B5D81D5123}.Release|Any CPU.ActiveCfg = Release|Any CPU
		{B0FB1917-5398-4BDE-9DA5-15B5D81D5123}.Release|Any CPU.Build.0 = Release|Any CPU
		{B0FB1917-5398-4BDE-9DA5-15B5D81D5123}.Release|x64.ActiveCfg = Release|Any CPU
		{B0FB1917-5398-4BDE-9DA5-15B5D81D5123}.Release|x64.Build.0 = Release|Any CPU
		{B0FB1917-5398-4BDE-9DA5-15B5D81D5123}.Release|x86.ActiveCfg = Release|Any CPU
		{B0FB1917-5398-4BDE-9DA5-15B5D81D5123}.Release|x86.Build.0 = Release|Any CPU
		{20C40236-0F56-4A79-9F75-DAEA26D3BF90}.Debug|Any CPU.ActiveCfg = Debug|Any CPU
		{20C40236-0F56-4A79-9F75-DAEA26D3BF90}.Debug|Any CPU.Build.0 = Debug|Any CPU
		{20C40236-0F56-4A79-9F75-DAEA26D3BF90}.Debug|x64.ActiveCfg = Debug|Any CPU
		{20C40236-0F56-4A79-9F75-DAEA26D3BF90}.Debug|x64.Build.0 = Debug|Any CPU
		{20C40236-0F56-4A79-9F75-DAEA26D3BF90}.Debug|x86.ActiveCfg = Debug|Any CPU
		{20C40236-0F56-4A79-9F75-DAEA26D3BF90}.Debug|x86.Build.0 = Debug|Any CPU
		{20C40236-0F56-4A79-9F75-DAEA26D3BF90}.Release|Any CPU.ActiveCfg = Release|Any CPU
		{20C40236-0F56-4A79-9F75-DAEA26D3BF90}.Release|Any CPU.Build.0 = Release|Any CPU
		{20C40236-0F56-4A79-9F75-DAEA26D3BF90}.Release|x64.ActiveCfg = Release|Any CPU
		{20C40236-0F56-4A79-9F75-DAEA26D3BF90}.Release|x64.Build.0 = Release|Any CPU
		{20C40236-0F56-4A79-9F75-DAEA26D3BF90}.Release|x86.ActiveCfg = Release|Any CPU
		{20C40236-0F56-4A79-9F75-DAEA26D3BF90}.Release|x86.Build.0 = Release|Any CPU
		{8797CE4F-DCB7-43B5-8A15-F313DEB14B15}.Debug|Any CPU.ActiveCfg = Debug|Any CPU
		{8797CE4F-DCB7-43B5-8A15-F313DEB14B15}.Debug|Any CPU.Build.0 = Debug|Any CPU
		{8797CE4F-DCB7-43B5-8A15-F313DEB14B15}.Debug|x64.ActiveCfg = Debug|Any CPU
		{8797CE4F-DCB7-43B5-8A15-F313DEB14B15}.Debug|x64.Build.0 = Debug|Any CPU
		{8797CE4F-DCB7-43B5-8A15-F313DEB14B15}.Debug|x86.ActiveCfg = Debug|Any CPU
		{8797CE4F-DCB7-43B5-8A15-F313DEB14B15}.Debug|x86.Build.0 = Debug|Any CPU
		{8797CE4F-DCB7-43B5-8A15-F313DEB14B15}.Release|Any CPU.ActiveCfg = Release|Any CPU
		{8797CE4F-DCB7-43B5-8A15-F313DEB14B15}.Release|Any CPU.Build.0 = Release|Any CPU
		{8797CE4F-DCB7-43B5-8A15-F313DEB14B15}.Release|x64.ActiveCfg = Release|Any CPU
		{8797CE4F-DCB7-43B5-8A15-F313DEB14B15}.Release|x64.Build.0 = Release|Any CPU
		{8797CE4F-DCB7-43B5-8A15-F313DEB14B15}.Release|x86.ActiveCfg = Release|Any CPU
		{8797CE4F-DCB7-43B5-8A15-F313DEB14B15}.Release|x86.Build.0 = Release|Any CPU
	EndGlobalSection
	GlobalSection(SolutionProperties) = preSolution
		HideSolutionNode = FALSE
	EndGlobalSection
	GlobalSection(ExtensibilityGlobals) = postSolution
		SolutionGuid = {B645A995-B3D0-403B-8C1B-BA60D443A76B}
	EndGlobalSection
EndGlobal
